
Microsoft Visual Studio Solution File, Format Version 12.00
# Visual Studio Version 17
VisualStudioVersion = 17.9.34728.123
MinimumVisualStudioVersion = 10.0.40219.1
Project("{8BC9CEB8-8B4A-11D0-8D11-00A0C91BC942}") = "prob3", "prob3\prob3.vcxproj", "{820DA8B8-213D-4A9F-AF1E-7D3067B9CEA5}"
EndProject
Global
	GlobalSection(SolutionConfigurationPlatforms) = preSolution
		Debug|x64 = Debug|x64
		Debug|x86 = Debug|x86
		Release|x64 = Release|x64
		Release|x86 = Release|x86
	EndGlobalSection
	GlobalSection(ProjectConfigurationPlatforms) = postSolution
		{820DA8B8-213D-4A9F-AF1E-7D3067B9CEA5}.Debug|x64.ActiveCfg = Debug|x64
		{820DA8B8-213D-4A9F-AF1E-7D3067B9CEA5}.Debug|x64.Build.0 = Debug|x64
		{820DA8B8-213D-4A9F-AF1E-7D3067B9CEA5}.Debug|x86.ActiveCfg = Debug|Win32
		{820DA8B8-213D-4A9F-AF1E-7D3067B9CEA5}.Debug|x86.Build.0 = Debug|Win32
		{820DA8B8-213D-4A9F-AF1E-7D3067B9CEA5}.Release|x64.ActiveCfg = Release|x64
		{820DA8B8-213D-4A9F-AF1E-7D3067B9CEA5}.Release|x64.Build.0 = Release|x64
		{820DA8B8-213D-4A9F-AF1E-7D3067B9CEA5}.Release|x86.ActiveCfg = Release|Win32
		{820DA8B8-213D-4A9F-AF1E-7D3067B9CEA5}.Release|x86.Build.0 = Release|Win32
	EndGlobalSection
	GlobalSection(SolutionProperties) = preSolution
		HideSolutionNode = FALSE
	EndGlobalSection
	GlobalSection(ExtensibilityGlobals) = postSolution
		SolutionGuid = {5BD497A9-C0C9-4756-8C69-CD28EF605588}
	EndGlobalSection
EndGlobal
